
Microsoft Visual Studio Solution File, Format Version 12.00
# Visual Studio 15
VisualStudioVersion = 15.0.27004.2010
MinimumVisualStudioVersion = 10.0.40219.1
Project("{8BC9CEB8-8B4A-11D0-8D11-00A0C91BC942}") = "ChatServer", "ChatServer\ChatServer.vcxproj", "{D143D4DA-48B6-41EB-AD25-4806A97BD3FC}"
EndProject
Project("{8BC9CEB8-8B4A-11D0-8D11-00A0C91BC942}") = "ChatClient", "ChatClient\ChatClient.vcxproj", "{216598E6-929D-45E1-9FD8-7A932B5DEE58}"
EndProject
Global
	GlobalSection(SolutionConfigurationPlatforms) = preSolution
		Debug|x64 = Debug|x64
		Debug|x86 = Debug|x86
		Release|x64 = Release|x64
		Release|x86 = Release|x86
	EndGlobalSection
	GlobalSection(ProjectConfigurationPlatforms) = postSolution
		{D143D4DA-48B6-41EB-AD25-4806A97BD3FC}.Debug|x64.ActiveCfg = Debug|x64
		{D143D4DA-48B6-41EB-AD25-4806A97BD3FC}.Debug|x64.Build.0 = Debug|x64
		{D143D4DA-48B6-41EB-AD25-4806A97BD3FC}.Debug|x86.ActiveCfg = Debug|Win32
		{D143D4DA-48B6-41EB-AD25-4806A97BD3FC}.Debug|x86.Build.0 = Debug|Win32
		{D143D4DA-48B6-41EB-AD25-4806A97BD3FC}.Release|x64.ActiveCfg = Release|x64
		{D143D4DA-48B6-41EB-AD25-4806A97BD3FC}.Release|x64.Build.0 = Release|x64
		{D143D4DA-48B6-41EB-AD25-4806A97BD3FC}.Release|x86.ActiveCfg = Release|Win32
		{D143D4DA-48B6-41EB-AD25-4806A97BD3FC}.Release|x86.Build.0 = Release|Win32
		{216598E6-929D-45E1-9FD8-7A932B5DEE58}.Debug|x64.ActiveCfg = Debug|x64
		{216598E6-929D-45E1-9FD8-7A932B5DEE58}.Debug|x64.Build.0 = Debug|x64
		{216598E6-929D-45E1-9FD8-7A932B5DEE58}.Debug|x86.ActiveCfg = Debug|Win32
		{216598E6-929D-45E1-9FD8-7A932B5DEE58}.Debug|x86.Build.0 = Debug|Win32
		{216598E6-929D-45E1-9FD8-7A932B5DEE58}.Release|x64.ActiveCfg = Release|x64
		{216598E6-929D-45E1-9FD8-7A932B5DEE58}.Release|x64.Build.0 = Release|x64
		{216598E6-929D-45E1-9FD8-7A932B5DEE58}.Release|x86.ActiveCfg = Release|Win32
		{216598E6-929D-45E1-9FD8-7A932B5DEE58}.Release|x86.Build.0 = Release|Win32
	EndGlobalSection
	GlobalSection(SolutionProperties) = preSolution
		HideSolutionNode = FALSE
	EndGlobalSection
	GlobalSection(ExtensibilityGlobals) = postSolution
		SolutionGuid = {57C56278-5CA7-4E06-ABBE-521EFE92111F}
	EndGlobalSection
EndGlobal
